{
  "name": "Algorithm-Run-Time-Complexity",
  "lockfileVersion": 3,
  "requires": true,
  "packages": {
    "": {
      "dependencies": {
        "ngx-contenteditable": "^0.9.1"
      }
    },
    "node_modules/@angular/common": {
      "version": "4.4.7",
      "resolved": "https://registry.npmjs.org/@angular/common/-/common-4.4.7.tgz",
      "integrity": "sha512-5R0POjbT4CR+8vXS7P33SiozJpTEKDsHq07EMm90OCwoofU5DIKDLNyEqr362zsbpzGUTmhGbSiLZib5Qt4djA==",
      "peer": true,
      "dependencies": {
        "tslib": "^1.7.1"
      },
      "peerDependencies": {
        "@angular/core": "4.4.7"
      }
    },
    "node_modules/@angular/compiler": {
      "version": "16.0.0",
      "resolved": "https://registry.npmjs.org/@angular/compiler/-/compiler-16.0.0.tgz",
      "integrity": "sha512-xtg+KRvSeB9DUzMDtvlaRGKv+Y0MERsz+JOoqV9H4606ThNz5h8ih6fEhVKYqG100o7GhdJaVFO+vlr2/edUHA==",
      "peer": true,
      "dependencies": {
        "tslib": "^2.3.0"
      },
      "engines": {
        "node": "^16.14.0 || >=18.10.0"
      },
      "peerDependencies": {
        "@angular/core": "16.0.0"
      },
      "peerDependenciesMeta": {
        "@angular/core": {
          "optional": true
        }
      }
    },
    "node_modules/@angular/compiler/node_modules/tslib": {
      "version": "2.5.0",
      "resolved": "https://registry.npmjs.org/tslib/-/tslib-2.5.0.tgz",
      "integrity": "sha512-336iVw3rtn2BUK7ORdIAHTyxHGRIHVReokCR3XjbckJMK7ms8FysBfhLR8IXnAgy7T0PTPNBWKiH514FOW/WSg==",
      "peer": true
    },
    "node_modules/@angular/core": {
      "version": "4.4.7",
      "resolved": "https://registry.npmjs.org/@angular/core/-/core-4.4.7.tgz",
      "integrity": "sha512-Jxs6gNTl5KjXflg5vi5rlnokq1johFccN94qSOgDv+Mg1iuGF2i9p7EHkw3Y8jBCVaSLw1qgHE+wMb6KTlJDLA==",
      "peer": true,
      "dependencies": {
        "tslib": "^1.7.1"
      },
      "peerDependencies": {
        "rxjs": "^5.0.1",
        "zone.js": "^0.8.4"
      }
    },
    "node_modules/@angular/forms": {
      "version": "4.4.7",
      "resolved": "https://registry.npmjs.org/@angular/forms/-/forms-4.4.7.tgz",
      "integrity": "sha512-EXGutI4GNBptpwkCQdCTxWAlJll8aCV7m3cA1FHZgFP7VNSgYF0pD+PscM5jSeajG30cRjaKxgL4cqj6yMMtww==",
      "peer": true,
      "dependencies": {
        "tslib": "^1.7.1"
      },
      "peerDependencies": {
        "@angular/common": "4.4.7",
        "@angular/core": "4.4.7",
        "@angular/platform-browser": "4.4.7"
      }
    },
    "node_modules/@angular/platform-browser": {
      "version": "4.4.7",
      "resolved": "https://registry.npmjs.org/@angular/platform-browser/-/platform-browser-4.4.7.tgz",
      "integrity": "sha512-5WGMhUbaepmNoE597N/6R4jDdSqe4wwJblfi6bOJI34QStmD6QRnmg3H7ujr8lLhRBo9P3zH+hn7bM3RxUIEJg==",
      "peer": true,
      "dependencies": {
        "tslib": "^1.7.1"
      },
      "peerDependencies": {
        "@angular/common": "4.4.7",
        "@angular/core": "4.4.7"
      }
    },
    "node_modules/moment": {
      "version": "2.29.4",
      "resolved": "https://registry.npmjs.org/moment/-/moment-2.29.4.tgz",
      "integrity": "sha512-5LC9SOxjSc2HF6vO2CyuTDNivEdoz2IvyJJGj6X8DJ0eFyfszE0QiEd+iXmBvUP3WHxSjFH/vIsA0EN00cgr8w==",
      "engines": {
        "node": "*"
      }
    },
    "node_modules/ngx-bootstrap": {
      "version": "1.9.3",
      "resolved": "https://registry.npmjs.org/ngx-bootstrap/-/ngx-bootstrap-1.9.3.tgz",
      "integrity": "sha512-beoKQGJEFwdg0ctIpGb+vx4PTPkyqHrA5tBAEbnUn7ZlTjjfA6533QYGv3qVoKPDNkkHmLA3lRjWKxEMYepCdg==",
      "peerDependencies": {
        "@angular/common": "^2.3.1 || >=4.0.0",
        "@angular/compiler": "^2.3.1 || >=4.0.0",
        "@angular/core": "^2.3.1 || >=4.0.0",
        "@angular/forms": "^2.3.1 || >=4.0.0"
      }
    },
    "node_modules/ngx-contenteditable": {
      "version": "0.9.1",
      "resolved": "https://registry.npmjs.org/ngx-contenteditable/-/ngx-contenteditable-0.9.1.tgz",
      "integrity": "sha512-7/j23jAxGjlUhtZ3oro8BU7tyoa1HjWW72rxVst95CjJISi6M1/lR4Hq8ZqL0g1Gx0V+OUNnYbdEkgsYAEvLzA==",
      "dependencies": {
        "moment": "^2.18.1",
        "ngx-bootstrap": "^1.7.1"
      },
      "engines": {
        "node": ">= 6.9.0",
        "npm": ">= 3.0.0"
      },
      "peerDependencies": {
        "@angular/core": ">=4.0.0 <5.0.0 || >=4.0.0-beta <5.0.0",
        "@angular/forms": ">=4.0.0 <5.0.0 || >=4.0.0-beta <5.0.0"
      }
    },
    "node_modules/rxjs": {
      "version": "5.5.12",
      "resolved": "https://registry.npmjs.org/rxjs/-/rxjs-5.5.12.tgz",
      "integrity": "sha512-xx2itnL5sBbqeeiVgNPVuQQ1nC8Jp2WfNJhXWHmElW9YmrpS9UVnNzhP3EH3HFqexO5Tlp8GhYY+WEcqcVMvGw==",
      "peer": true,
      "dependencies": {
        "symbol-observable": "1.0.1"
      },
      "engines": {
        "npm": ">=2.0.0"
      }
    },
    "node_modules/symbol-observable": {
      "version": "1.0.1",
      "resolved": "https://registry.npmjs.org/symbol-observable/-/symbol-observable-1.0.1.tgz",
      "integrity": "sha512-Kb3PrPYz4HanVF1LVGuAdW6LoVgIwjUYJGzFe7NDrBLCN4lsV/5J0MFurV+ygS4bRVwrCEt2c7MQ1R2a72oJDw==",
      "peer": true,
      "engines": {
        "node": ">=0.10.0"
      }
    },
    "node_modules/tslib": {
      "version": "1.14.1",
      "resolved": "https://registry.npmjs.org/tslib/-/tslib-1.14.1.tgz",
      "integrity": "sha512-Xni35NKzjgMrwevysHTCArtLDpPvye8zV/0E4EyYn43P7/7qvQwPh9BGkHewbMulVntbigmcT7rdX3BNo9wRJg==",
      "peer": true
    },
    "node_modules/zone.js": {
      "version": "0.8.29",
      "resolved": "https://registry.npmjs.org/zone.js/-/zone.js-0.8.29.tgz",
      "integrity": "sha512-mla2acNCMkWXBD+c+yeUrBUrzOxYMNFdQ6FGfigGGtEVBPJx07BQeJekjt9DmH1FtZek4E9rE1eRR9qQpxACOQ==",
      "peer": true
    }
  }
}
